Microsoft Visual Studio Solution File, Format Version 12.00
# Visual Studio Version 17
VisualStudioVersion = 17.5.2.0
MinimumVisualStudioVersion = 10.0.40219.1
Project("{FAE04EC0-301F-11D3-BF4B-00C04F79EFBC}") = "Example01", "Example01.csproj", "{C913EDEE-0F3A-99BC-E34A-02EE226F1FD2}"
EndProject
Global
	GlobalSection(SolutionConfigurationPlatforms) = preSolution
		Debug|Any CPU = Debug|Any CPU
		Release|Any CPU = Release|Any CPU
	EndGlobalSection
	GlobalSection(ProjectConfigurationPlatforms) = postSolution
		{C913EDEE-0F3A-99BC-E34A-02EE226F1FD2}.Debug|Any CPU.ActiveCfg = Debug|Any CPU
		{C913EDEE-0F3A-99BC-E34A-02EE226F1FD2}.Debug|Any CPU.Build.0 = Debug|Any CPU
		{C913EDEE-0F3A-99BC-E34A-02EE226F1FD2}.Release|Any CPU.ActiveCfg = Release|Any CPU
		{C913EDEE-0F3A-99BC-E34A-02EE226F1FD2}.Release|Any CPU.Build.0 = Release|Any CPU
	EndGlobalSection
	GlobalSection(SolutionProperties) = preSolution
		HideSolutionNode = FALSE
	EndGlobalSection
	GlobalSection(ExtensibilityGlobals) = postSolution
		SolutionGuid = {6BE5BDA1-BCAF-4B69-9A79-5293DA2B2069}
	EndGlobalSection
EndGlobal
